{
  "nodes": {
    "devenv": {
      "locked": {
        "dir": "src/modules",
        "lastModified": 1668955873,
        "narHash": "sha256-OgNKGXdSlpxAYvKZn0Ez8b1O5GBjxj0ossT2stb6Th8=",
        "owner": "cachix",
        "repo": "devenv",
        "rev": "85d7a2d1ac77f5d408c5249d845be25c44c996c4",
        "type": "github"
      },
      "original": {
        "dir": "src/modules",
        "owner": "cachix",
        "repo": "devenv",
        "type": "github"
      }
    },
    "flake-utils": {
      "locked": {
        "lastModified": 1667077288,
        "narHash": "sha256-bdC8sFNDpT0HK74u9fUkpbf1MEzVYJ+ka7NXCdgBoaA=",
        "owner": "numtide",
        "repo": "flake-utils",
        "rev": "6ee9ebb6b1ee695d2cacc4faa053a7b9baa76817",
        "type": "github"
      },
      "original": {
        "owner": "numtide",
        "repo": "flake-utils",
        "type": "github"
      }
    },
    "nixpkgs": {
      "locked": {
        "lastModified": 1668912770,
        "narHash": "sha256-Nzt7ALUl5PrUAYIH8aRbj+njkJZVQ4VQBkWx+qQvqyM=",
        "owner": "NixOS",
        "repo": "nixpkgs",
        "rev": "862277ac9d34273cd953f42061e23d488d6b7e8b",
        "type": "github"
      },
      "original": {
        "owner": "NixOS",
        "ref": "nixpkgs-unstable",
        "repo": "nixpkgs",
        "type": "github"
      }
    },
    "pre-commit-hooks": {
      "inputs": {
        "flake-utils": "flake-utils",
        "nixpkgs": [
          "nixpkgs"
        ]
      },
      "locked": {
        "lastModified": 1668960094,
        "narHash": "sha256-RwSw+hh4Vacceh57gSaquzUoDmBu+ey6rjR+mZ8vsIg=",
        "owner": "cachix",
        "repo": "pre-commit-hooks.nix",
        "rev": "0c9555d4e0943fec80a9087b8d3855a49533f399",
        "type": "github"
      },
      "original": {
        "owner": "cachix",
        "repo": "pre-commit-hooks.nix",
        "type": "github"
      }
    },
    "root": {
      "inputs": {
        "devenv": "devenv",
        "nixpkgs": "nixpkgs",
        "pre-commit-hooks": "pre-commit-hooks"
      }
    }
  },
  "root": "root",
  "version": 7
}
